{
  "version": 4,
  "terraform_version": "1.7.2",
  "serial": 156,
  "lineage": "a1b2c3d4-e5f6-7890-abcd-ef1234567890",
  "outputs": {},
  "resources": [
    {
      "mode": "managed",
      "type": "aws_vpc",
      "name": "production",
      "provider": "provider[\"registry.terraform.io/hashicorp/aws\"]",
      "instances": [
        {
          "schema_version": 1,
          "attributes": {
            "id": "vpc-0a1b2c3d4e5f60001",
            "arn": "arn:aws:ec2:us-east-1:210000000001:vpc/vpc-0a1b2c3d4e5f60001",
            "cidr_block": "10.0.0.0/16",
            "enable_dns_hostnames": true,
            "enable_dns_support": true,
            "tags": {
              "Name": "production-vpc",
              "Environment": "production"
            }
          }
        }
      ]
    },
    {
      "mode": "managed",
      "type": "aws_vpc",
      "name": "management",
      "provider": "provider[\"registry.terraform.io/hashicorp/aws\"]",
      "instances": [
        {
          "schema_version": 1,
          "attributes": {
            "id": "vpc-0a1b2c3d4e5f60002",
            "arn": "arn:aws:ec2:us-east-1:210000000001:vpc/vpc-0a1b2c3d4e5f60002",
            "cidr_block": "10.1.0.0/16",
            "enable_dns_hostnames": true,
            "enable_dns_support": true,
            "tags": {
              "Name": "management-vpc",
              "Environment": "management"
            }
          }
        }
      ]
    },
    {
      "mode": "managed",
      "type": "aws_subnet",
      "name": "production_public_1",
      "provider": "provider[\"registry.terraform.io/hashicorp/aws\"]",
      "instances": [
        {
          "schema_version": 1,
          "attributes": {
            "id": "subnet-0a1b2c3d4e5f60011",
            "arn": "arn:aws:ec2:us-east-1:210000000001:subnet/subnet-0a1b2c3d4e5f60011",
            "vpc_id": "vpc-0a1b2c3d4e5f60001",
            "cidr_block": "10.0.1.0/24",
            "availability_zone": "us-east-1a",
            "map_public_ip_on_launch": true,
            "tags": {
              "Name": "production-public-1",
              "Tier": "public"
            }
          }
        }
      ]
    },
    {
      "mode": "managed",
      "type": "aws_subnet",
      "name": "production_public_2",
      "provider": "provider[\"registry.terraform.io/hashicorp/aws\"]",
      "instances": [
        {
          "schema_version": 1,
          "attributes": {
            "id": "subnet-0a1b2c3d4e5f60012",
            "arn": "arn:aws:ec2:us-east-1:210000000001:subnet/subnet-0a1b2c3d4e5f60012",
            "vpc_id": "vpc-0a1b2c3d4e5f60001",
            "cidr_block": "10.0.2.0/24",
            "availability_zone": "us-east-1b",
            "map_public_ip_on_launch": true,
            "tags": {
              "Name": "production-public-2",
              "Tier": "public"
            }
          }
        }
      ]
    },
    {
      "mode": "managed",
      "type": "aws_subnet",
      "name": "production_private_1",
      "provider": "provider[\"registry.terraform.io/hashicorp/aws\"]",
      "instances": [
        {
          "schema_version": 1,
          "attributes": {
            "id": "subnet-0a1b2c3d4e5f60013",
            "arn": "arn:aws:ec2:us-east-1:210000000001:subnet/subnet-0a1b2c3d4e5f60013",
            "vpc_id": "vpc-0a1b2c3d4e5f60001",
            "cidr_block": "10.0.3.0/24",
            "availability_zone": "us-east-1a",
            "map_public_ip_on_launch": false,
            "tags": {
              "Name": "production-private-1",
              "Tier": "private"
            }
          }
        }
      ]
    },
    {
      "mode": "managed",
      "type": "aws_subnet",
      "name": "production_private_2",
      "provider": "provider[\"registry.terraform.io/hashicorp/aws\"]",
      "instances": [
        {
          "schema_version": 1,
          "attributes": {
            "id": "subnet-0a1b2c3d4e5f60014",
            "arn": "arn:aws:ec2:us-east-1:210000000001:subnet/subnet-0a1b2c3d4e5f60014",
            "vpc_id": "vpc-0a1b2c3d4e5f60001",
            "cidr_block": "10.0.4.0/24",
            "availability_zone": "us-east-1b",
            "map_public_ip_on_launch": false,
            "tags": {
              "Name": "production-private-2",
              "Tier": "private"
            }
          }
        }
      ]
    },
    {
      "mode": "managed",
      "type": "aws_subnet",
      "name": "management_private_1",
      "provider": "provider[\"registry.terraform.io/hashicorp/aws\"]",
      "instances": [
        {
          "schema_version": 1,
          "attributes": {
            "id": "subnet-0a1b2c3d4e5f60021",
            "arn": "arn:aws:ec2:us-east-1:210000000001:subnet/subnet-0a1b2c3d4e5f60021",
            "vpc_id": "vpc-0a1b2c3d4e5f60002",
            "cidr_block": "10.1.1.0/24",
            "availability_zone": "us-east-1a",
            "map_public_ip_on_launch": false,
            "tags": {
              "Name": "management-private-1",
              "Tier": "private"
            }
          }
        }
      ]
    },
    {
      "mode": "managed",
      "type": "aws_internet_gateway",
      "name": "production",
      "provider": "provider[\"registry.terraform.io/hashicorp/aws\"]",
      "instances": [
        {
          "schema_version": 0,
          "attributes": {
            "id": "igw-0a1b2c3d4e5f60001",
            "arn": "arn:aws:ec2:us-east-1:210000000001:internet-gateway/igw-0a1b2c3d4e5f60001",
            "vpc_id": "vpc-0a1b2c3d4e5f60001",
            "tags": {
              "Name": "production-igw"
            }
          }
        }
      ]
    },
    {
      "mode": "managed",
      "type": "aws_eip",
      "name": "nat",
      "provider": "provider[\"registry.terraform.io/hashicorp/aws\"]",
      "instances": [
        {
          "schema_version": 0,
          "attributes": {
            "id": "eipalloc-0a1b2c3d4e5f60001",
            "allocation_id": "eipalloc-0a1b2c3d4e5f60001",
            "public_ip": "54.210.123.45",
            "domain": "vpc",
            "tags": {
              "Name": "production-nat-eip"
            }
          }
        }
      ]
    },
    {
      "mode": "managed",
      "type": "aws_nat_gateway",
      "name": "production",
      "provider": "provider[\"registry.terraform.io/hashicorp/aws\"]",
      "instances": [
        {
          "schema_version": 0,
          "attributes": {
            "id": "nat-0a1b2c3d4e5f60001",
            "allocation_id": "eipalloc-0a1b2c3d4e5f60001",
            "subnet_id": "subnet-0a1b2c3d4e5f60011",
            "connectivity_type": "public",
            "tags": {
              "Name": "production-nat-gw"
            }
          }
        }
      ]
    },
    {
      "mode": "managed",
      "type": "aws_route_table",
      "name": "production_public",
      "provider": "provider[\"registry.terraform.io/hashicorp/aws\"]",
      "instances": [
        {
          "schema_version": 0,
          "attributes": {
            "id": "rtb-0a1b2c3d4e5f60001",
            "vpc_id": "vpc-0a1b2c3d4e5f60001",
            "route": [
              {
                "cidr_block": "0.0.0.0/0",
                "gateway_id": "igw-0a1b2c3d4e5f60001"
              }
            ],
            "tags": {
              "Name": "production-public-rt"
            }
          }
        }
      ]
    },
    {
      "mode": "managed",
      "type": "aws_route_table",
      "name": "production_private",
      "provider": "provider[\"registry.terraform.io/hashicorp/aws\"]",
      "instances": [
        {
          "schema_version": 0,
          "attributes": {
            "id": "rtb-0a1b2c3d4e5f60002",
            "vpc_id": "vpc-0a1b2c3d4e5f60001",
            "route": [
              {
                "cidr_block": "0.0.0.0/0",
                "nat_gateway_id": "nat-0a1b2c3d4e5f60001"
              }
            ],
            "tags": {
              "Name": "production-private-rt"
            }
          }
        }
      ]
    },
    {
      "mode": "managed",
      "type": "aws_route_table_association",
      "name": "production_public_1",
      "provider": "provider[\"registry.terraform.io/hashicorp/aws\"]",
      "instances": [
        {
          "schema_version": 0,
          "attributes": {
            "id": "rtbassoc-0a1b2c3d4e5f6001",
            "subnet_id": "subnet-0a1b2c3d4e5f60011",
            "route_table_id": "rtb-0a1b2c3d4e5f60001"
          }
        }
      ]
    },
    {
      "mode": "managed",
      "type": "aws_route_table_association",
      "name": "production_public_2",
      "provider": "provider[\"registry.terraform.io/hashicorp/aws\"]",
      "instances": [
        {
          "schema_version": 0,
          "attributes": {
            "id": "rtbassoc-0a1b2c3d4e5f6002",
            "subnet_id": "subnet-0a1b2c3d4e5f60012",
            "route_table_id": "rtb-0a1b2c3d4e5f60001"
          }
        }
      ]
    },
    {
      "mode": "managed",
      "type": "aws_route_table_association",
      "name": "production_private_1",
      "provider": "provider[\"registry.terraform.io/hashicorp/aws\"]",
      "instances": [
        {
          "schema_version": 0,
          "attributes": {
            "id": "rtbassoc-0a1b2c3d4e5f6003",
            "subnet_id": "subnet-0a1b2c3d4e5f60013",
            "route_table_id": "rtb-0a1b2c3d4e5f60002"
          }
        }
      ]
    },
    {
      "mode": "managed",
      "type": "aws_route_table_association",
      "name": "production_private_2",
      "provider": "provider[\"registry.terraform.io/hashicorp/aws\"]",
      "instances": [
        {
          "schema_version": 0,
          "attributes": {
            "id": "rtbassoc-0a1b2c3d4e5f6004",
            "subnet_id": "subnet-0a1b2c3d4e5f60014",
            "route_table_id": "rtb-0a1b2c3d4e5f60002"
          }
        }
      ]
    },
    {
      "mode": "managed",
      "type": "aws_security_group",
      "name": "alb",
      "provider": "provider[\"registry.terraform.io/hashicorp/aws\"]",
      "instances": [
        {
          "schema_version": 1,
          "attributes": {
            "id": "sg-0a1b2c3d4e5f60001",
            "arn": "arn:aws:ec2:us-east-1:210000000001:security-group/sg-0a1b2c3d4e5f60001",
            "name": "alb-sg",
            "description": "Security group for Application Load Balancer",
            "vpc_id": "vpc-0a1b2c3d4e5f60001",
            "ingress": [
              {
                "from_port": 443,
                "to_port": 443,
                "protocol": "tcp",
                "cidr_blocks": ["0.0.0.0/0"],
                "description": "HTTPS from internet"
              },
              {
                "from_port": 80,
                "to_port": 80,
                "protocol": "tcp",
                "cidr_blocks": ["0.0.0.0/0"],
                "description": "HTTP from internet"
              }
            ],
            "egress": [
              {
                "from_port": 0,
                "to_port": 0,
                "protocol": "-1",
                "cidr_blocks": ["0.0.0.0/0"]
              }
            ],
            "tags": {
              "Name": "alb-sg"
            }
          }
        }
      ]
    },
    {
      "mode": "managed",
      "type": "aws_security_group",
      "name": "ecs",
      "provider": "provider[\"registry.terraform.io/hashicorp/aws\"]",
      "instances": [
        {
          "schema_version": 1,
          "attributes": {
            "id": "sg-0a1b2c3d4e5f60002",
            "arn": "arn:aws:ec2:us-east-1:210000000001:security-group/sg-0a1b2c3d4e5f60002",
            "name": "ecs-sg",
            "description": "Security group for ECS tasks",
            "vpc_id": "vpc-0a1b2c3d4e5f60001",
            "ingress": [
              {
                "from_port": 8080,
                "to_port": 8080,
                "protocol": "tcp",
                "security_groups": ["sg-0a1b2c3d4e5f60001"],
                "description": "Traffic from ALB"
              }
            ],
            "egress": [
              {
                "from_port": 0,
                "to_port": 0,
                "protocol": "-1",
                "cidr_blocks": ["0.0.0.0/0"]
              }
            ],
            "tags": {
              "Name": "ecs-sg"
            }
          }
        }
      ]
    },
    {
      "mode": "managed",
      "type": "aws_security_group",
      "name": "rds",
      "provider": "provider[\"registry.terraform.io/hashicorp/aws\"]",
      "instances": [
        {
          "schema_version": 1,
          "attributes": {
            "id": "sg-0a1b2c3d4e5f60003",
            "arn": "arn:aws:ec2:us-east-1:210000000001:security-group/sg-0a1b2c3d4e5f60003",
            "name": "rds-sg",
            "description": "Security group for RDS PostgreSQL",
            "vpc_id": "vpc-0a1b2c3d4e5f60001",
            "ingress": [
              {
                "from_port": 5432,
                "to_port": 5432,
                "protocol": "tcp",
                "security_groups": ["sg-0a1b2c3d4e5f60002", "sg-0a1b2c3d4e5f60004"],
                "description": "PostgreSQL from ECS and Lambda"
              }
            ],
            "egress": [
              {
                "from_port": 0,
                "to_port": 0,
                "protocol": "-1",
                "cidr_blocks": ["0.0.0.0/0"]
              }
            ],
            "tags": {
              "Name": "rds-sg"
            }
          }
        }
      ]
    },
    {
      "mode": "managed",
      "type": "aws_security_group",
      "name": "lambda",
      "provider": "provider[\"registry.terraform.io/hashicorp/aws\"]",
      "instances": [
        {
          "schema_version": 1,
          "attributes": {
            "id": "sg-0a1b2c3d4e5f60004",
            "arn": "arn:aws:ec2:us-east-1:210000000001:security-group/sg-0a1b2c3d4e5f60004",
            "name": "lambda-sg",
            "description": "Security group for Lambda functions in VPC",
            "vpc_id": "vpc-0a1b2c3d4e5f60001",
            "ingress": [],
            "egress": [
              {
                "from_port": 0,
                "to_port": 0,
                "protocol": "-1",
                "cidr_blocks": ["0.0.0.0/0"]
              }
            ],
            "tags": {
              "Name": "lambda-sg"
            }
          }
        }
      ]
    },
    {
      "mode": "managed",
      "type": "aws_security_group",
      "name": "bastion",
      "provider": "provider[\"registry.terraform.io/hashicorp/aws\"]",
      "instances": [
        {
          "schema_version": 1,
          "attributes": {
            "id": "sg-0a1b2c3d4e5f60005",
            "arn": "arn:aws:ec2:us-east-1:210000000001:security-group/sg-0a1b2c3d4e5f60005",
            "name": "bastion-sg",
            "description": "Security group for bastion host",
            "vpc_id": "vpc-0a1b2c3d4e5f60002",
            "ingress": [
              {
                "from_port": 22,
                "to_port": 22,
                "protocol": "tcp",
                "cidr_blocks": ["203.0.113.0/24"],
                "description": "SSH from office"
              }
            ],
            "egress": [
              {
                "from_port": 0,
                "to_port": 0,
                "protocol": "-1",
                "cidr_blocks": ["0.0.0.0/0"]
              }
            ],
            "tags": {
              "Name": "bastion-sg"
            }
          }
        }
      ]
    },
    {
      "mode": "managed",
      "type": "aws_ecs_cluster",
      "name": "main",
      "provider": "provider[\"registry.terraform.io/hashicorp/aws\"]",
      "instances": [
        {
          "schema_version": 0,
          "attributes": {
            "id": "arn:aws:ecs:us-east-1:210000000001:cluster/main-cluster",
            "arn": "arn:aws:ecs:us-east-1:210000000001:cluster/main-cluster",
            "name": "main-cluster",
            "setting": [
              {
                "name": "containerInsights",
                "value": "enabled"
              }
            ],
            "tags": {
              "Name": "main-cluster",
              "Environment": "production"
            }
          }
        }
      ]
    },
    {
      "mode": "managed",
      "type": "aws_ecs_task_definition",
      "name": "web_frontend",
      "provider": "provider[\"registry.terraform.io/hashicorp/aws\"]",
      "instances": [
        {
          "schema_version": 1,
          "attributes": {
            "id": "web-frontend",
            "arn": "arn:aws:ecs:us-east-1:210000000001:task-definition/web-frontend:12",
            "family": "web-frontend",
            "revision": 12,
            "network_mode": "awsvpc",
            "requires_compatibilities": ["FARGATE"],
            "cpu": "512",
            "memory": "1024",
            "execution_role_arn": "arn:aws:iam::210000000001:role/ecsTaskExecutionRole",
            "container_definitions": "[{\"name\":\"web\",\"image\":\"210000000001.dkr.ecr.us-east-1.amazonaws.com/web-frontend:latest\",\"portMappings\":[{\"containerPort\":8080,\"protocol\":\"tcp\"}],\"logConfiguration\":{\"logDriver\":\"awslogs\",\"options\":{\"awslogs-group\":\"/ecs/web-frontend\",\"awslogs-region\":\"us-east-1\",\"awslogs-stream-prefix\":\"ecs\"}}}]",
            "tags": {
              "Name": "web-frontend-task"
            }
          }
        }
      ]
    },
    {
      "mode": "managed",
      "type": "aws_ecs_task_definition",
      "name": "api_backend",
      "provider": "provider[\"registry.terraform.io/hashicorp/aws\"]",
      "instances": [
        {
          "schema_version": 1,
          "attributes": {
            "id": "api-backend",
            "arn": "arn:aws:ecs:us-east-1:210000000001:task-definition/api-backend:8",
            "family": "api-backend",
            "revision": 8,
            "network_mode": "awsvpc",
            "requires_compatibilities": ["FARGATE"],
            "cpu": "1024",
            "memory": "2048",
            "execution_role_arn": "arn:aws:iam::210000000001:role/ecsTaskExecutionRole",
            "container_definitions": "[{\"name\":\"api\",\"image\":\"210000000001.dkr.ecr.us-east-1.amazonaws.com/api-backend:latest\",\"portMappings\":[{\"containerPort\":8080,\"protocol\":\"tcp\"}],\"logConfiguration\":{\"logDriver\":\"awslogs\",\"options\":{\"awslogs-group\":\"/ecs/api-backend\",\"awslogs-region\":\"us-east-1\",\"awslogs-stream-prefix\":\"ecs\"}}}]",
            "tags": {
              "Name": "api-backend-task"
            }
          }
        }
      ]
    },
    {
      "mode": "managed",
      "type": "aws_ecs_service",
      "name": "web_frontend",
      "provider": "provider[\"registry.terraform.io/hashicorp/aws\"]",
      "instances": [
        {
          "schema_version": 0,
          "attributes": {
            "id": "arn:aws:ecs:us-east-1:210000000001:service/main-cluster/web-frontend",
            "name": "web-frontend",
            "cluster": "arn:aws:ecs:us-east-1:210000000001:cluster/main-cluster",
            "task_definition": "arn:aws:ecs:us-east-1:210000000001:task-definition/web-frontend:12",
            "desired_count": 2,
            "launch_type": "FARGATE",
            "network_configuration": [
              {
                "subnets": ["subnet-0a1b2c3d4e5f60013", "subnet-0a1b2c3d4e5f60014"],
                "security_groups": ["sg-0a1b2c3d4e5f60002"],
                "assign_public_ip": false
              }
            ],
            "load_balancer": [
              {
                "target_group_arn": "arn:aws:elasticloadbalancing:us-east-1:210000000001:targetgroup/web-frontend-tg/abcdef1234567890",
                "container_name": "web",
                "container_port": 8080
              }
            ],
            "tags": {
              "Name": "web-frontend-service"
            }
          }
        }
      ]
    },
    {
      "mode": "managed",
      "type": "aws_ecs_service",
      "name": "api_backend",
      "provider": "provider[\"registry.terraform.io/hashicorp/aws\"]",
      "instances": [
        {
          "schema_version": 0,
          "attributes": {
            "id": "arn:aws:ecs:us-east-1:210000000001:service/main-cluster/api-backend",
            "name": "api-backend",
            "cluster": "arn:aws:ecs:us-east-1:210000000001:cluster/main-cluster",
            "task_definition": "arn:aws:ecs:us-east-1:210000000001:task-definition/api-backend:8",
            "desired_count": 3,
            "launch_type": "FARGATE",
            "network_configuration": [
              {
                "subnets": ["subnet-0a1b2c3d4e5f60013", "subnet-0a1b2c3d4e5f60014"],
                "security_groups": ["sg-0a1b2c3d4e5f60002"],
                "assign_public_ip": false
              }
            ],
            "load_balancer": [
              {
                "target_group_arn": "arn:aws:elasticloadbalancing:us-east-1:210000000001:targetgroup/api-backend-tg/fedcba0987654321",
                "container_name": "api",
                "container_port": 8080
              }
            ],
            "tags": {
              "Name": "api-backend-service"
            }
          }
        }
      ]
    },
    {
      "mode": "managed",
      "type": "aws_lb",
      "name": "main",
      "provider": "provider[\"registry.terraform.io/hashicorp/aws\"]",
      "instances": [
        {
          "schema_version": 0,
          "attributes": {
            "id": "arn:aws:elasticloadbalancing:us-east-1:210000000001:loadbalancer/app/main-alb/1234567890abcdef",
            "arn": "arn:aws:elasticloadbalancing:us-east-1:210000000001:loadbalancer/app/main-alb/1234567890abcdef",
            "name": "main-alb",
            "internal": false,
            "load_balancer_type": "application",
            "security_groups": ["sg-0a1b2c3d4e5f60001"],
            "subnets": ["subnet-0a1b2c3d4e5f60011", "subnet-0a1b2c3d4e5f60012"],
            "dns_name": "main-alb-123456789.us-east-1.elb.amazonaws.com",
            "zone_id": "Z35SXDOTRQ7X7K",
            "vpc_id": "vpc-0a1b2c3d4e5f60001",
            "tags": {
              "Name": "main-alb",
              "Environment": "production"
            }
          }
        }
      ]
    },
    {
      "mode": "managed",
      "type": "aws_lb_target_group",
      "name": "web_frontend",
      "provider": "provider[\"registry.terraform.io/hashicorp/aws\"]",
      "instances": [
        {
          "schema_version": 0,
          "attributes": {
            "id": "arn:aws:elasticloadbalancing:us-east-1:210000000001:targetgroup/web-frontend-tg/abcdef1234567890",
            "arn": "arn:aws:elasticloadbalancing:us-east-1:210000000001:targetgroup/web-frontend-tg/abcdef1234567890",
            "name": "web-frontend-tg",
            "port": 8080,
            "protocol": "HTTP",
            "target_type": "ip",
            "vpc_id": "vpc-0a1b2c3d4e5f60001",
            "health_check": [
              {
                "path": "/health",
                "port": "traffic-port",
                "protocol": "HTTP",
                "healthy_threshold": 3,
                "unhealthy_threshold": 3
              }
            ],
            "tags": {
              "Name": "web-frontend-tg"
            }
          }
        }
      ]
    },
    {
      "mode": "managed",
      "type": "aws_lb_listener",
      "name": "https",
      "provider": "provider[\"registry.terraform.io/hashicorp/aws\"]",
      "instances": [
        {
          "schema_version": 0,
          "attributes": {
            "id": "arn:aws:elasticloadbalancing:us-east-1:210000000001:listener/app/main-alb/1234567890abcdef/aabbccddee112233",
            "arn": "arn:aws:elasticloadbalancing:us-east-1:210000000001:listener/app/main-alb/1234567890abcdef/aabbccddee112233",
            "load_balancer_arn": "arn:aws:elasticloadbalancing:us-east-1:210000000001:loadbalancer/app/main-alb/1234567890abcdef",
            "port": 443,
            "protocol": "HTTPS",
            "ssl_policy": "ELBSecurityPolicy-TLS13-1-2-2021-06",
            "certificate_arn": "arn:aws:acm:us-east-1:210000000001:certificate/abcd1234-ef56-7890-abcd-ef1234567890",
            "default_action": [
              {
                "type": "forward",
                "target_group_arn": "arn:aws:elasticloadbalancing:us-east-1:210000000001:targetgroup/web-frontend-tg/abcdef1234567890"
              }
            ],
            "tags": {}
          }
        }
      ]
    },
    {
      "mode": "managed",
      "type": "aws_lb_listener_rule",
      "name": "api_routing",
      "provider": "provider[\"registry.terraform.io/hashicorp/aws\"]",
      "instances": [
        {
          "schema_version": 0,
          "attributes": {
            "id": "arn:aws:elasticloadbalancing:us-east-1:210000000001:listener-rule/app/main-alb/1234567890abcdef/aabbccddee112233/ff00112233445566",
            "arn": "arn:aws:elasticloadbalancing:us-east-1:210000000001:listener-rule/app/main-alb/1234567890abcdef/aabbccddee112233/ff00112233445566",
            "listener_arn": "arn:aws:elasticloadbalancing:us-east-1:210000000001:listener/app/main-alb/1234567890abcdef/aabbccddee112233",
            "priority": 100,
            "action": [
              {
                "type": "forward",
                "target_group_arn": "arn:aws:elasticloadbalancing:us-east-1:210000000001:targetgroup/api-backend-tg/fedcba0987654321"
              }
            ],
            "condition": [
              {
                "path_pattern": {
                  "values": ["/api/*"]
                }
              }
            ],
            "tags": {}
          }
        }
      ]
    },
    {
      "mode": "managed",
      "type": "aws_iam_role",
      "name": "lambda_auth_handler",
      "provider": "provider[\"registry.terraform.io/hashicorp/aws\"]",
      "instances": [
        {
          "schema_version": 0,
          "attributes": {
            "id": "lambda-auth-handler-role",
            "arn": "arn:aws:iam::210000000001:role/lambda-auth-handler-role",
            "name": "lambda-auth-handler-role",
            "assume_role_policy": "{\"Version\":\"2012-10-17\",\"Statement\":[{\"Effect\":\"Allow\",\"Principal\":{\"Service\":\"lambda.amazonaws.com\"},\"Action\":\"sts:AssumeRole\"}]}",
            "inline_policy": [
              {
                "name": "auth-handler-policy",
                "policy": "{\"Version\":\"2012-10-17\",\"Statement\":[{\"Effect\":\"Allow\",\"Action\":[\"dynamodb:GetItem\",\"dynamodb:PutItem\",\"dynamodb:Query\"],\"Resource\":\"arn:aws:dynamodb:us-east-1:210000000001:table/audit-log\"},{\"Effect\":\"Allow\",\"Action\":[\"logs:CreateLogGroup\",\"logs:CreateLogStream\",\"logs:PutLogEvents\"],\"Resource\":\"arn:aws:logs:us-east-1:210000000001:*\"},{\"Effect\":\"Allow\",\"Action\":[\"ec2:CreateNetworkInterface\",\"ec2:DescribeNetworkInterfaces\",\"ec2:DeleteNetworkInterface\"],\"Resource\":\"*\"}]}"
              }
            ],
            "tags": {
              "Name": "lambda-auth-handler-role"
            }
          }
        }
      ]
    },
    {
      "mode": "managed",
      "type": "aws_iam_role",
      "name": "lambda_webhook_processor",
      "provider": "provider[\"registry.terraform.io/hashicorp/aws\"]",
      "instances": [
        {
          "schema_version": 0,
          "attributes": {
            "id": "lambda-webhook-processor-role",
            "arn": "arn:aws:iam::210000000001:role/lambda-webhook-processor-role",
            "name": "lambda-webhook-processor-role",
            "assume_role_policy": "{\"Version\":\"2012-10-17\",\"Statement\":[{\"Effect\":\"Allow\",\"Principal\":{\"Service\":\"lambda.amazonaws.com\"},\"Action\":\"sts:AssumeRole\"}]}",
            "inline_policy": [
              {
                "name": "webhook-processor-policy",
                "policy": "{\"Version\":\"2012-10-17\",\"Statement\":[{\"Effect\":\"Allow\",\"Action\":[\"dynamodb:PutItem\",\"dynamodb:BatchWriteItem\"],\"Resource\":\"arn:aws:dynamodb:us-east-1:210000000001:table/audit-log\"},{\"Effect\":\"Allow\",\"Action\":[\"s3:PutObject\",\"s3:GetObject\"],\"Resource\":\"arn:aws:s3:::app-assets-210000000001/*\"},{\"Effect\":\"Allow\",\"Action\":[\"logs:CreateLogGroup\",\"logs:CreateLogStream\",\"logs:PutLogEvents\"],\"Resource\":\"arn:aws:logs:us-east-1:210000000001:*\"},{\"Effect\":\"Allow\",\"Action\":[\"ec2:CreateNetworkInterface\",\"ec2:DescribeNetworkInterfaces\",\"ec2:DeleteNetworkInterface\"],\"Resource\":\"*\"}]}"
              }
            ],
            "tags": {
              "Name": "lambda-webhook-processor-role"
            }
          }
        }
      ]
    },
    {
      "mode": "managed",
      "type": "aws_iam_role",
      "name": "lambda_cron_cleanup",
      "provider": "provider[\"registry.terraform.io/hashicorp/aws\"]",
      "instances": [
        {
          "schema_version": 0,
          "attributes": {
            "id": "lambda-cron-cleanup-role",
            "arn": "arn:aws:iam::210000000001:role/lambda-cron-cleanup-role",
            "name": "lambda-cron-cleanup-role",
            "assume_role_policy": "{\"Version\":\"2012-10-17\",\"Statement\":[{\"Effect\":\"Allow\",\"Principal\":{\"Service\":\"lambda.amazonaws.com\"},\"Action\":\"sts:AssumeRole\"}]}",
            "inline_policy": [
              {
                "name": "cron-cleanup-policy",
                "policy": "{\"Version\":\"2012-10-17\",\"Statement\":[{\"Effect\":\"Allow\",\"Action\":[\"dynamodb:DeleteItem\",\"dynamodb:Scan\",\"dynamodb:Query\"],\"Resource\":\"arn:aws:dynamodb:us-east-1:210000000001:table/audit-log\"},{\"Effect\":\"Allow\",\"Action\":[\"s3:DeleteObject\",\"s3:ListBucket\"],\"Resource\":[\"arn:aws:s3:::app-assets-210000000001\",\"arn:aws:s3:::app-assets-210000000001/*\"]},{\"Effect\":\"Allow\",\"Action\":[\"rds:DescribeDBInstances\"],\"Resource\":\"arn:aws:rds:us-east-1:210000000001:db:main-db\"},{\"Effect\":\"Allow\",\"Action\":[\"logs:CreateLogGroup\",\"logs:CreateLogStream\",\"logs:PutLogEvents\"],\"Resource\":\"arn:aws:logs:us-east-1:210000000001:*\"},{\"Effect\":\"Allow\",\"Action\":[\"ec2:CreateNetworkInterface\",\"ec2:DescribeNetworkInterfaces\",\"ec2:DeleteNetworkInterface\"],\"Resource\":\"*\"}]}"
              }
            ],
            "tags": {
              "Name": "lambda-cron-cleanup-role"
            }
          }
        }
      ]
    },
    {
      "mode": "managed",
      "type": "aws_lambda_function",
      "name": "auth_handler",
      "provider": "provider[\"registry.terraform.io/hashicorp/aws\"]",
      "instances": [
        {
          "schema_version": 0,
          "attributes": {
            "id": "auth-handler",
            "arn": "arn:aws:lambda:us-east-1:210000000001:function:auth-handler",
            "function_name": "auth-handler",
            "role": "arn:aws:iam::210000000001:role/lambda-auth-handler-role",
            "handler": "index.handler",
            "runtime": "nodejs20.x",
            "memory_size": 256,
            "timeout": 30,
            "vpc_config": [
              {
                "subnet_ids": ["subnet-0a1b2c3d4e5f60013", "subnet-0a1b2c3d4e5f60014"],
                "security_group_ids": ["sg-0a1b2c3d4e5f60004"],
                "vpc_id": "vpc-0a1b2c3d4e5f60001"
              }
            ],
            "environment": [
              {
                "variables": {
                  "DYNAMODB_TABLE": "audit-log",
                  "DB_HOST": "main-db.c9abc123def4.us-east-1.rds.amazonaws.com"
                }
              }
            ],
            "tags": {
              "Name": "auth-handler",
              "Environment": "production"
            }
          }
        }
      ]
    },
    {
      "mode": "managed",
      "type": "aws_lambda_function",
      "name": "webhook_processor",
      "provider": "provider[\"registry.terraform.io/hashicorp/aws\"]",
      "instances": [
        {
          "schema_version": 0,
          "attributes": {
            "id": "webhook-processor",
            "arn": "arn:aws:lambda:us-east-1:210000000001:function:webhook-processor",
            "function_name": "webhook-processor",
            "role": "arn:aws:iam::210000000001:role/lambda-webhook-processor-role",
            "handler": "index.handler",
            "runtime": "python3.12",
            "memory_size": 512,
            "timeout": 60,
            "vpc_config": [
              {
                "subnet_ids": ["subnet-0a1b2c3d4e5f60013", "subnet-0a1b2c3d4e5f60014"],
                "security_group_ids": ["sg-0a1b2c3d4e5f60004"],
                "vpc_id": "vpc-0a1b2c3d4e5f60001"
              }
            ],
            "environment": [
              {
                "variables": {
                  "S3_BUCKET": "app-assets-210000000001",
                  "DYNAMODB_TABLE": "audit-log"
                }
              }
            ],
            "tags": {
              "Name": "webhook-processor",
              "Environment": "production"
            }
          }
        }
      ]
    },
    {
      "mode": "managed",
      "type": "aws_lambda_function",
      "name": "cron_cleanup",
      "provider": "provider[\"registry.terraform.io/hashicorp/aws\"]",
      "instances": [
        {
          "schema_version": 0,
          "attributes": {
            "id": "cron-cleanup",
            "arn": "arn:aws:lambda:us-east-1:210000000001:function:cron-cleanup",
            "function_name": "cron-cleanup",
            "role": "arn:aws:iam::210000000001:role/lambda-cron-cleanup-role",
            "handler": "main.handler",
            "runtime": "python3.12",
            "memory_size": 256,
            "timeout": 300,
            "vpc_config": [
              {
                "subnet_ids": ["subnet-0a1b2c3d4e5f60013", "subnet-0a1b2c3d4e5f60014"],
                "security_group_ids": ["sg-0a1b2c3d4e5f60004"],
                "vpc_id": "vpc-0a1b2c3d4e5f60001"
              }
            ],
            "environment": [
              {
                "variables": {
                  "S3_BUCKET": "app-assets-210000000001",
                  "DYNAMODB_TABLE": "audit-log",
                  "RDS_ENDPOINT": "main-db.c9abc123def4.us-east-1.rds.amazonaws.com"
                }
              }
            ],
            "tags": {
              "Name": "cron-cleanup",
              "Environment": "production"
            }
          }
        }
      ]
    },
    {
      "mode": "managed",
      "type": "aws_cloudwatch_log_group",
      "name": "lambda_auth_handler",
      "provider": "provider[\"registry.terraform.io/hashicorp/aws\"]",
      "instances": [
        {
          "schema_version": 0,
          "attributes": {
            "id": "/aws/lambda/auth-handler",
            "arn": "arn:aws:logs:us-east-1:210000000001:log-group:/aws/lambda/auth-handler:*",
            "name": "/aws/lambda/auth-handler",
            "retention_in_days": 14,
            "tags": {
              "Name": "auth-handler-logs"
            }
          }
        }
      ]
    },
    {
      "mode": "managed",
      "type": "aws_cloudwatch_log_group",
      "name": "lambda_webhook_processor",
      "provider": "provider[\"registry.terraform.io/hashicorp/aws\"]",
      "instances": [
        {
          "schema_version": 0,
          "attributes": {
            "id": "/aws/lambda/webhook-processor",
            "arn": "arn:aws:logs:us-east-1:210000000001:log-group:/aws/lambda/webhook-processor:*",
            "name": "/aws/lambda/webhook-processor",
            "retention_in_days": 14,
            "tags": {
              "Name": "webhook-processor-logs"
            }
          }
        }
      ]
    },
    {
      "mode": "managed",
      "type": "aws_cloudwatch_log_group",
      "name": "lambda_cron_cleanup",
      "provider": "provider[\"registry.terraform.io/hashicorp/aws\"]",
      "instances": [
        {
          "schema_version": 0,
          "attributes": {
            "id": "/aws/lambda/cron-cleanup",
            "arn": "arn:aws:logs:us-east-1:210000000001:log-group:/aws/lambda/cron-cleanup:*",
            "name": "/aws/lambda/cron-cleanup",
            "retention_in_days": 30,
            "tags": {
              "Name": "cron-cleanup-logs"
            }
          }
        }
      ]
    },
    {
      "mode": "managed",
      "type": "aws_db_subnet_group",
      "name": "main",
      "provider": "provider[\"registry.terraform.io/hashicorp/aws\"]",
      "instances": [
        {
          "schema_version": 0,
          "attributes": {
            "id": "main-db-subnet-group",
            "arn": "arn:aws:rds:us-east-1:210000000001:subgrp:main-db-subnet-group",
            "name": "main-db-subnet-group",
            "description": "Subnet group for main RDS instance",
            "subnet_ids": ["subnet-0a1b2c3d4e5f60013", "subnet-0a1b2c3d4e5f60014"],
            "tags": {
              "Name": "main-db-subnet-group"
            }
          }
        }
      ]
    },
    {
      "mode": "managed",
      "type": "aws_db_instance",
      "name": "main",
      "provider": "provider[\"registry.terraform.io/hashicorp/aws\"]",
      "instances": [
        {
          "schema_version": 2,
          "attributes": {
            "id": "main-db",
            "arn": "arn:aws:rds:us-east-1:210000000001:db:main-db",
            "identifier": "main-db",
            "engine": "postgres",
            "engine_version": "16.1",
            "instance_class": "db.r6g.large",
            "allocated_storage": 100,
            "storage_type": "gp3",
            "db_name": "appdb",
            "username": "dbadmin",
            "port": 5432,
            "endpoint": "main-db.c9abc123def4.us-east-1.rds.amazonaws.com:5432",
            "address": "main-db.c9abc123def4.us-east-1.rds.amazonaws.com",
            "availability_zone": "us-east-1a",
            "multi_az": true,
            "db_subnet_group_name": "main-db-subnet-group",
            "vpc_security_group_ids": ["sg-0a1b2c3d4e5f60003"],
            "publicly_accessible": false,
            "storage_encrypted": true,
            "backup_retention_period": 7,
            "tags": {
              "Name": "main-db",
              "Environment": "production"
            }
          }
        }
      ]
    },
    {
      "mode": "managed",
      "type": "aws_elasticache_subnet_group",
      "name": "main",
      "provider": "provider[\"registry.terraform.io/hashicorp/aws\"]",
      "instances": [
        {
          "schema_version": 0,
          "attributes": {
            "id": "main-cache-subnet-group",
            "name": "main-cache-subnet-group",
            "description": "Subnet group for ElastiCache Redis",
            "subnet_ids": ["subnet-0a1b2c3d4e5f60013", "subnet-0a1b2c3d4e5f60014"],
            "tags": {
              "Name": "main-cache-subnet-group"
            }
          }
        }
      ]
    },
    {
      "mode": "managed",
      "type": "aws_elasticache_cluster",
      "name": "session_cache",
      "provider": "provider[\"registry.terraform.io/hashicorp/aws\"]",
      "instances": [
        {
          "schema_version": 0,
          "attributes": {
            "id": "session-cache",
            "arn": "arn:aws:elasticache:us-east-1:210000000001:cluster:session-cache",
            "cluster_id": "session-cache",
            "engine": "redis",
            "engine_version": "7.1",
            "node_type": "cache.r6g.large",
            "num_cache_nodes": 1,
            "port": 6379,
            "subnet_group_name": "main-cache-subnet-group",
            "security_group_ids": ["sg-0a1b2c3d4e5f60002"],
            "availability_zone": "us-east-1a",
            "cache_nodes": [
              {
                "cache_node_id": "0001",
                "address": "session-cache.abc123.0001.use1.cache.amazonaws.com",
                "port": 6379,
                "availability_zone": "us-east-1a"
              }
            ],
            "tags": {
              "Name": "session-cache",
              "Environment": "production"
            }
          }
        }
      ]
    },
    {
      "mode": "managed",
      "type": "aws_dynamodb_table",
      "name": "audit_log",
      "provider": "provider[\"registry.terraform.io/hashicorp/aws\"]",
      "instances": [
        {
          "schema_version": 1,
          "attributes": {
            "id": "audit-log",
            "arn": "arn:aws:dynamodb:us-east-1:210000000001:table/audit-log",
            "name": "audit-log",
            "billing_mode": "PAY_PER_REQUEST",
            "hash_key": "pk",
            "range_key": "sk",
            "attribute": [
              {
                "name": "pk",
                "type": "S"
              },
              {
                "name": "sk",
                "type": "S"
              },
              {
                "name": "timestamp",
                "type": "N"
              }
            ],
            "global_secondary_index": [
              {
                "name": "timestamp-index",
                "hash_key": "pk",
                "range_key": "timestamp",
                "projection_type": "ALL"
              }
            ],
            "point_in_time_recovery": [
              {
                "enabled": true
              }
            ],
            "server_side_encryption": [
              {
                "enabled": true
              }
            ],
            "tags": {
              "Name": "audit-log",
              "Environment": "production"
            }
          }
        }
      ]
    },
    {
      "mode": "managed",
      "type": "aws_s3_bucket",
      "name": "app_assets",
      "provider": "provider[\"registry.terraform.io/hashicorp/aws\"]",
      "instances": [
        {
          "schema_version": 0,
          "attributes": {
            "id": "app-assets-210000000001",
            "arn": "arn:aws:s3:::app-assets-210000000001",
            "bucket": "app-assets-210000000001",
            "bucket_domain_name": "app-assets-210000000001.s3.amazonaws.com",
            "bucket_regional_domain_name": "app-assets-210000000001.s3.us-east-1.amazonaws.com",
            "region": "us-east-1",
            "acl": "private",
            "versioning": [
              {
                "enabled": true
              }
            ],
            "server_side_encryption_configuration": [
              {
                "rule": [
                  {
                    "apply_server_side_encryption_by_default": [
                      {
                        "sse_algorithm": "aws:kms"
                      }
                    ]
                  }
                ]
              }
            ],
            "tags": {
              "Name": "app-assets",
              "Environment": "production"
            }
          }
        }
      ]
    },
    {
      "mode": "managed",
      "type": "aws_cloudfront_distribution",
      "name": "main",
      "provider": "provider[\"registry.terraform.io/hashicorp/aws\"]",
      "instances": [
        {
          "schema_version": 1,
          "attributes": {
            "id": "E1A2B3C4D5E6F7",
            "arn": "arn:aws:cloudfront::210000000001:distribution/E1A2B3C4D5E6F7",
            "domain_name": "d1a2b3c4e5f6g7.cloudfront.net",
            "status": "Deployed",
            "enabled": true,
            "is_ipv6_enabled": true,
            "aliases": ["app.example.com"],
            "origin": [
              {
                "domain_name": "main-alb-123456789.us-east-1.elb.amazonaws.com",
                "origin_id": "alb-origin",
                "custom_origin_config": [
                  {
                    "http_port": 80,
                    "https_port": 443,
                    "origin_protocol_policy": "https-only",
                    "origin_ssl_protocols": ["TLSv1.2"]
                  }
                ]
              },
              {
                "domain_name": "app-assets-210000000001.s3.us-east-1.amazonaws.com",
                "origin_id": "s3-origin",
                "s3_origin_config": [
                  {
                    "origin_access_identity": "origin-access-identity/cloudfront/E2A3B4C5D6E7F8"
                  }
                ]
              }
            ],
            "default_cache_behavior": [
              {
                "allowed_methods": ["GET", "HEAD", "OPTIONS", "PUT", "POST", "PATCH", "DELETE"],
                "cached_methods": ["GET", "HEAD"],
                "target_origin_id": "alb-origin",
                "viewer_protocol_policy": "redirect-to-https",
                "compress": true
              }
            ],
            "ordered_cache_behavior": [
              {
                "path_pattern": "/static/*",
                "target_origin_id": "s3-origin",
                "viewer_protocol_policy": "redirect-to-https",
                "allowed_methods": ["GET", "HEAD"],
                "cached_methods": ["GET", "HEAD"],
                "compress": true
              }
            ],
            "viewer_certificate": [
              {
                "acm_certificate_arn": "arn:aws:acm:us-east-1:210000000001:certificate/abcd1234-ef56-7890-abcd-ef1234567890",
                "ssl_support_method": "sni-only",
                "minimum_protocol_version": "TLSv1.2_2021"
              }
            ],
            "tags": {
              "Name": "main-cdn",
              "Environment": "production"
            }
          }
        }
      ]
    },
    {
      "mode": "managed",
      "type": "aws_route53_zone",
      "name": "main",
      "provider": "provider[\"registry.terraform.io/hashicorp/aws\"]",
      "instances": [
        {
          "schema_version": 0,
          "attributes": {
            "id": "Z0123456789ABCDEFGHIJ",
            "arn": "arn:aws:route53:::hostedzone/Z0123456789ABCDEFGHIJ",
            "zone_id": "Z0123456789ABCDEFGHIJ",
            "name": "example.com",
            "name_servers": [
              "ns-111.awsdns-11.com",
              "ns-222.awsdns-22.net",
              "ns-333.awsdns-33.org",
              "ns-444.awsdns-44.co.uk"
            ],
            "tags": {
              "Name": "example.com",
              "Environment": "production"
            }
          }
        }
      ]
    },
    {
      "mode": "managed",
      "type": "aws_route53_record",
      "name": "app",
      "provider": "provider[\"registry.terraform.io/hashicorp/aws\"]",
      "instances": [
        {
          "schema_version": 2,
          "attributes": {
            "id": "Z0123456789ABCDEFGHIJ_app.example.com_A",
            "zone_id": "Z0123456789ABCDEFGHIJ",
            "name": "app.example.com",
            "type": "A",
            "alias": [
              {
                "name": "d1a2b3c4e5f6g7.cloudfront.net",
                "zone_id": "Z2FDTNDATAQYW2",
                "evaluate_target_health": false
              }
            ],
            "tags": {}
          }
        }
      ]
    },
    {
      "mode": "managed",
      "type": "aws_lb_target_group",
      "name": "api_backend",
      "provider": "provider[\"registry.terraform.io/hashicorp/aws\"]",
      "instances": [
        {
          "schema_version": 0,
          "attributes": {
            "id": "arn:aws:elasticloadbalancing:us-east-1:210000000001:targetgroup/api-backend-tg/fedcba0987654321",
            "arn": "arn:aws:elasticloadbalancing:us-east-1:210000000001:targetgroup/api-backend-tg/fedcba0987654321",
            "name": "api-backend-tg",
            "port": 8080,
            "protocol": "HTTP",
            "target_type": "ip",
            "vpc_id": "vpc-0a1b2c3d4e5f60001",
            "health_check": [
              {
                "path": "/api/health",
                "port": "traffic-port",
                "protocol": "HTTP",
                "healthy_threshold": 3,
                "unhealthy_threshold": 3
              }
            ],
            "tags": {
              "Name": "api-backend-tg"
            }
          }
        }
      ]
    },
    {
      "mode": "managed",
      "type": "aws_vpc_peering_connection",
      "name": "production_to_management",
      "provider": "provider[\"registry.terraform.io/hashicorp/aws\"]",
      "instances": [
        {
          "schema_version": 0,
          "attributes": {
            "id": "pcx-0a1b2c3d4e5f60001",
            "vpc_id": "vpc-0a1b2c3d4e5f60001",
            "peer_vpc_id": "vpc-0a1b2c3d4e5f60002",
            "peer_owner_id": "210000000001",
            "peer_region": "us-east-1",
            "auto_accept": true,
            "accepter": [
              {
                "allow_remote_vpc_dns_resolution": true
              }
            ],
            "requester": [
              {
                "allow_remote_vpc_dns_resolution": true
              }
            ],
            "tags": {
              "Name": "production-to-management-peering"
            }
          }
        }
      ]
    },
    {
      "mode": "managed",
      "type": "aws_flow_log",
      "name": "production",
      "provider": "provider[\"registry.terraform.io/hashicorp/aws\"]",
      "instances": [
        {
          "schema_version": 0,
          "attributes": {
            "id": "fl-0a1b2c3d4e5f60001",
            "arn": "arn:aws:ec2:us-east-1:210000000001:vpc-flow-log/fl-0a1b2c3d4e5f60001",
            "vpc_id": "vpc-0a1b2c3d4e5f60001",
            "traffic_type": "ALL",
            "log_destination_type": "cloud-watch-logs",
            "log_destination": "arn:aws:logs:us-east-1:210000000001:log-group:/vpc/production-flow-logs",
            "iam_role_arn": "arn:aws:iam::210000000001:role/vpc-flow-log-role",
            "tags": {
              "Name": "production-vpc-flow-log"
            }
          }
        }
      ]
    },
    {
      "mode": "managed",
      "type": "aws_cloudwatch_log_group",
      "name": "vpc_flow_logs",
      "provider": "provider[\"registry.terraform.io/hashicorp/aws\"]",
      "instances": [
        {
          "schema_version": 0,
          "attributes": {
            "id": "/vpc/production-flow-logs",
            "arn": "arn:aws:logs:us-east-1:210000000001:log-group:/vpc/production-flow-logs:*",
            "name": "/vpc/production-flow-logs",
            "retention_in_days": 30,
            "tags": {
              "Name": "production-vpc-flow-logs"
            }
          }
        }
      ]
    },
    {
      "mode": "managed",
      "type": "aws_s3_bucket_policy",
      "name": "app_assets",
      "provider": "provider[\"registry.terraform.io/hashicorp/aws\"]",
      "instances": [
        {
          "schema_version": 0,
          "attributes": {
            "id": "app-assets-210000000001",
            "bucket": "app-assets-210000000001",
            "policy": "{\"Version\":\"2012-10-17\",\"Statement\":[{\"Sid\":\"CloudFrontAccess\",\"Effect\":\"Allow\",\"Principal\":{\"AWS\":\"arn:aws:iam::cloudfront:user/CloudFront Origin Access Identity E2A3B4C5D6E7F8\"},\"Action\":\"s3:GetObject\",\"Resource\":\"arn:aws:s3:::app-assets-210000000001/*\"}]}"
          }
        }
      ]
    },
    {
      "mode": "managed",
      "type": "aws_s3_bucket_versioning",
      "name": "app_assets",
      "provider": "provider[\"registry.terraform.io/hashicorp/aws\"]",
      "instances": [
        {
          "schema_version": 0,
          "attributes": {
            "id": "app-assets-210000000001",
            "bucket": "app-assets-210000000001",
            "versioning_configuration": [
              {
                "status": "Enabled"
              }
            ]
          }
        }
      ]
    },
    {
      "mode": "managed",
      "type": "aws_s3_bucket_server_side_encryption_configuration",
      "name": "app_assets",
      "provider": "provider[\"registry.terraform.io/hashicorp/aws\"]",
      "instances": [
        {
          "schema_version": 0,
          "attributes": {
            "id": "app-assets-210000000001",
            "bucket": "app-assets-210000000001",
            "rule": [
              {
                "apply_server_side_encryption_by_default": [
                  {
                    "sse_algorithm": "aws:kms",
                    "kms_master_key_id": ""
                  }
                ],
                "bucket_key_enabled": true
              }
            ]
          }
        }
      ]
    },
    {
      "mode": "managed",
      "type": "aws_iam_role",
      "name": "ecs_task_execution",
      "provider": "provider[\"registry.terraform.io/hashicorp/aws\"]",
      "instances": [
        {
          "schema_version": 0,
          "attributes": {
            "id": "ecsTaskExecutionRole",
            "arn": "arn:aws:iam::210000000001:role/ecsTaskExecutionRole",
            "name": "ecsTaskExecutionRole",
            "assume_role_policy": "{\"Version\":\"2012-10-17\",\"Statement\":[{\"Effect\":\"Allow\",\"Principal\":{\"Service\":\"ecs-tasks.amazonaws.com\"},\"Action\":\"sts:AssumeRole\"}]}",
            "managed_policy_arns": ["arn:aws:iam::aws:policy/service-role/AmazonECSTaskExecutionRolePolicy"],
            "tags": {
              "Name": "ecsTaskExecutionRole"
            }
          }
        }
      ]
    },
    {
      "mode": "managed",
      "type": "aws_iam_role",
      "name": "vpc_flow_log",
      "provider": "provider[\"registry.terraform.io/hashicorp/aws\"]",
      "instances": [
        {
          "schema_version": 0,
          "attributes": {
            "id": "vpc-flow-log-role",
            "arn": "arn:aws:iam::210000000001:role/vpc-flow-log-role",
            "name": "vpc-flow-log-role",
            "assume_role_policy": "{\"Version\":\"2012-10-17\",\"Statement\":[{\"Effect\":\"Allow\",\"Principal\":{\"Service\":\"vpc-flow-logs.amazonaws.com\"},\"Action\":\"sts:AssumeRole\"}]}",
            "inline_policy": [
              {
                "name": "flow-log-policy",
                "policy": "{\"Version\":\"2012-10-17\",\"Statement\":[{\"Effect\":\"Allow\",\"Action\":[\"logs:CreateLogGroup\",\"logs:CreateLogStream\",\"logs:PutLogEvents\",\"logs:DescribeLogGroups\",\"logs:DescribeLogStreams\"],\"Resource\":\"arn:aws:logs:us-east-1:210000000001:*\"}]}"
              }
            ],
            "tags": {
              "Name": "vpc-flow-log-role"
            }
          }
        }
      ]
    },
    {
      "mode": "managed",
      "type": "aws_cloudwatch_log_group",
      "name": "ecs_web_frontend",
      "provider": "provider[\"registry.terraform.io/hashicorp/aws\"]",
      "instances": [
        {
          "schema_version": 0,
          "attributes": {
            "id": "/ecs/web-frontend",
            "arn": "arn:aws:logs:us-east-1:210000000001:log-group:/ecs/web-frontend:*",
            "name": "/ecs/web-frontend",
            "retention_in_days": 14,
            "tags": {
              "Name": "ecs-web-frontend-logs"
            }
          }
        }
      ]
    },
    {
      "mode": "managed",
      "type": "aws_cloudwatch_log_group",
      "name": "ecs_api_backend",
      "provider": "provider[\"registry.terraform.io/hashicorp/aws\"]",
      "instances": [
        {
          "schema_version": 0,
          "attributes": {
            "id": "/ecs/api-backend",
            "arn": "arn:aws:logs:us-east-1:210000000001:log-group:/ecs/api-backend:*",
            "name": "/ecs/api-backend",
            "retention_in_days": 14,
            "tags": {
              "Name": "ecs-api-backend-logs"
            }
          }
        }
      ]
    }
  ]
}
