{
  "version": 4,
  "terraform_version": "1.8.5",
  "serial": 11,
  "lineage": "66666666-7777-8888-9999-000000000000",
  "outputs": {},
  "resources": [
    {
      "mode": "managed",
      "type": "aws_vpc",
      "name": "main",
      "provider": "provider[\"registry.terraform.io/hashicorp/aws\"]",
      "instances": [
        {
          "schema_version": 0,
          "attributes": {
            "id": "vpc-0123456789abcdef0",
            "arn": "arn:aws:ec2:us-east-1:210000000005:vpc/vpc-0123456789abcdef0",
            "tags_all": {
              "Name": "main-vpc"
            }
          }
        }
      ]
    },
    {
      "mode": "managed",
      "type": "aws_subnet",
      "name": "public_a",
      "provider": "provider[\"registry.terraform.io/hashicorp/aws\"]",
      "instances": [
        {
          "schema_version": 0,
          "attributes": {
            "id": "subnet-aaa111",
            "arn": "arn:aws:ec2:us-east-1:210000000005:subnet/subnet-aaa111",
            "vpc_id": "vpc-0123456789abcdef0"
          }
        }
      ]
    },
    {
      "mode": "managed",
      "type": "aws_subnet",
      "name": "public_b",
      "provider": "provider[\"registry.terraform.io/hashicorp/aws\"]",
      "instances": [
        {
          "schema_version": 0,
          "attributes": {
            "id": "subnet-bbb222",
            "arn": "arn:aws:ec2:us-east-1:210000000005:subnet/subnet-bbb222",
            "vpc_id": "vpc-0123456789abcdef0"
          }
        }
      ]
    },
    {
      "mode": "managed",
      "type": "aws_security_group",
      "name": "app",
      "provider": "provider[\"registry.terraform.io/hashicorp/aws\"]",
      "instances": [
        {
          "schema_version": 0,
          "attributes": {
            "id": "sg-0abc123",
            "arn": "arn:aws:ec2:us-east-1:210000000005:security-group/sg-0abc123",
            "vpc_id": "vpc-0123456789abcdef0",
            "name": "app-sg"
          }
        }
      ]
    },
    {
      "mode": "managed",
      "type": "aws_lb",
      "name": "app",
      "provider": "provider[\"registry.terraform.io/hashicorp/aws\"]",
      "instances": [
        {
          "schema_version": 0,
          "attributes": {
            "id": "arn:aws:elasticloadbalancing:us-east-1:210000000005:loadbalancer/app/main-alb/123456",
            "arn": "arn:aws:elasticloadbalancing:us-east-1:210000000005:loadbalancer/app/main-alb/123456",
            "name": "main-alb",
            "dns_name": "main-alb-123456.us-east-1.elb.amazonaws.com",
            "subnets": [
              "subnet-aaa111",
              "subnet-bbb222"
            ],
            "security_groups": [
              "sg-0abc123"
            ]
          }
        }
      ]
    },
    {
      "mode": "managed",
      "type": "aws_lb_listener",
      "name": "http",
      "provider": "provider[\"registry.terraform.io/hashicorp/aws\"]",
      "instances": [
        {
          "schema_version": 0,
          "attributes": {
            "id": "listener-001",
            "arn": "arn:aws:elasticloadbalancing:us-east-1:210000000005:listener/app/main-alb/123456/abcdef",
            "load_balancer_arn": "arn:aws:elasticloadbalancing:us-east-1:210000000005:loadbalancer/app/main-alb/123456"
          }
        }
      ]
    },
    {
      "mode": "managed",
      "type": "aws_ecs_cluster",
      "name": "main",
      "provider": "provider[\"registry.terraform.io/hashicorp/aws\"]",
      "instances": [
        {
          "schema_version": 0,
          "attributes": {
            "id": "arn:aws:ecs:us-east-1:210000000005:cluster/main-cluster",
            "arn": "arn:aws:ecs:us-east-1:210000000005:cluster/main-cluster",
            "name": "main-cluster"
          }
        }
      ]
    },
    {
      "mode": "managed",
      "type": "aws_ecs_task_definition",
      "name": "api",
      "provider": "provider[\"registry.terraform.io/hashicorp/aws\"]",
      "instances": [
        {
          "schema_version": 0,
          "attributes": {
            "id": "api-task:5",
            "arn": "arn:aws:ecs:us-east-1:210000000005:task-definition/api-task:5",
            "family": "api-task"
          }
        }
      ]
    },
    {
      "mode": "managed",
      "type": "aws_ecs_service",
      "name": "api",
      "provider": "provider[\"registry.terraform.io/hashicorp/aws\"]",
      "instances": [
        {
          "schema_version": 0,
          "attributes": {
            "id": "arn:aws:ecs:us-east-1:210000000005:service/main-cluster/api-service",
            "name": "api-service",
            "cluster": "arn:aws:ecs:us-east-1:210000000005:cluster/main-cluster",
            "task_definition": "arn:aws:ecs:us-east-1:210000000005:task-definition/api-task:5",
            "network_configuration": [
              {
                "subnets": [
                  "subnet-aaa111",
                  "subnet-bbb222"
                ],
                "security_groups": [
                  "sg-0abc123"
                ]
              }
            ]
          }
        }
      ]
    },
    {
      "mode": "managed",
      "type": "aws_db_subnet_group",
      "name": "main",
      "provider": "provider[\"registry.terraform.io/hashicorp/aws\"]",
      "instances": [
        {
          "schema_version": 0,
          "attributes": {
            "id": "app-db-subnets",
            "name": "app-db-subnets"
          }
        }
      ]
    },
    {
      "mode": "managed",
      "type": "aws_db_instance",
      "name": "app",
      "provider": "provider[\"registry.terraform.io/hashicorp/aws\"]",
      "instances": [
        {
          "schema_version": 0,
          "attributes": {
            "id": "app-db",
            "identifier": "app-db",
            "arn": "arn:aws:rds:us-east-1:210000000005:db:app-db",
            "db_subnet_group_name": "app-db-subnets",
            "vpc_security_group_ids": [
              "sg-0abc123"
            ]
          }
        }
      ]
    },
    {
      "mode": "managed",
      "type": "aws_s3_bucket",
      "name": "assets",
      "provider": "provider[\"registry.terraform.io/hashicorp/aws\"]",
      "instances": [
        {
          "schema_version": 0,
          "attributes": {
            "id": "acme-app-assets",
            "arn": "arn:aws:s3:::acme-app-assets",
            "bucket": "acme-app-assets"
          }
        }
      ]
    },
    {
      "mode": "managed",
      "type": "aws_iam_role",
      "name": "task",
      "provider": "provider[\"registry.terraform.io/hashicorp/aws\"]",
      "instances": [
        {
          "schema_version": 0,
          "attributes": {
            "id": "ecs-task-role",
            "arn": "arn:aws:iam::210000000005:role/ecs-task-role",
            "name": "ecs-task-role"
          }
        }
      ]
    },
    {
      "mode": "managed",
      "type": "aws_iam_role_policy",
      "name": "task_access",
      "provider": "provider[\"registry.terraform.io/hashicorp/aws\"]",
      "instances": [
        {
          "schema_version": 0,
          "attributes": {
            "id": "ecs-task-role:task-access",
            "role": "ecs-task-role",
            "policy": "{\"Version\": \"2012-10-17\", \"Statement\": [{\"Effect\": \"Allow\", \"Action\": [\"s3:GetObject\", \"s3:PutObject\"], \"Resource\": [\"arn:aws:s3:::acme-app-assets/*\"]}, {\"Effect\": \"Allow\", \"Action\": [\"dynamodb:PutItem\", \"dynamodb:GetItem\"], \"Resource\": [\"arn:aws:dynamodb:us-east-1:210000000005:table/orders\"]}]}"
          }
        }
      ]
    },
    {
      "mode": "managed",
      "type": "aws_dynamodb_table",
      "name": "orders",
      "provider": "provider[\"registry.terraform.io/hashicorp/aws\"]",
      "instances": [
        {
          "schema_version": 1,
          "attributes": {
            "id": "orders",
            "arn": "arn:aws:dynamodb:us-east-1:210000000005:table/orders",
            "name": "orders"
          }
        }
      ]
    },
    {
      "mode": "managed",
      "type": "aws_route53_record",
      "name": "app",
      "provider": "provider[\"registry.terraform.io/hashicorp/aws\"]",
      "instances": [
        {
          "schema_version": 0,
          "attributes": {
            "id": "Z12345_app.internal_A",
            "name": "app.internal",
            "alias": [
              {
                "name": "main-alb-123456.us-east-1.elb.amazonaws.com"
              }
            ]
          }
        }
      ]
    }
  ],
  "check_results": null
}