{
  "version": 4,
  "terraform_version": "1.8.5",
  "serial": 7,
  "lineage": "11111111-2222-3333-4444-555555555555",
  "outputs": {},
  "resources": [
    {
      "mode": "managed",
      "type": "aws_s3_bucket",
      "name": "site",
      "provider": "provider[\"registry.terraform.io/hashicorp/aws\"]",
      "instances": [
        {
          "schema_version": 0,
          "attributes": {
            "id": "acme-static-site",
            "arn": "arn:aws:s3:::acme-static-site",
            "bucket": "acme-static-site",
            "bucket_regional_domain_name": "acme-static-site.s3.us-east-1.amazonaws.com",
            "tags_all": {
              "Project": "acme-web"
            }
          }
        }
      ]
    },
    {
      "mode": "managed",
      "type": "aws_cloudfront_origin_access_control",
      "name": "site",
      "provider": "provider[\"registry.terraform.io/hashicorp/aws\"]",
      "instances": [
        {
          "schema_version": 0,
          "attributes": {
            "id": "E1OAC12345",
            "arn": "arn:aws:cloudfront::210000000006:origin-access-control/E1OAC12345",
            "name": "acme-site-oac"
          }
        }
      ]
    },
    {
      "mode": "managed",
      "type": "aws_acm_certificate",
      "name": "site",
      "provider": "provider[\"registry.terraform.io/hashicorp/aws\"]",
      "instances": [
        {
          "schema_version": 0,
          "attributes": {
            "id": "arn:aws:acm:us-east-1:210000000006:certificate/abc-123",
            "arn": "arn:aws:acm:us-east-1:210000000006:certificate/abc-123",
            "domain_name": "app.acme.dev"
          }
        }
      ]
    },
    {
      "mode": "managed",
      "type": "aws_cloudfront_distribution",
      "name": "site",
      "provider": "provider[\"registry.terraform.io/hashicorp/aws\"]",
      "instances": [
        {
          "schema_version": 1,
          "attributes": {
            "id": "EDFDVBD6EXAMPLE",
            "arn": "arn:aws:cloudfront::210000000006:distribution/EDFDVBD6EXAMPLE",
            "domain_name": "d3abcxyz.cloudfront.net",
            "origin": [
              {
                "domain_name": "acme-static-site.s3.us-east-1.amazonaws.com",
                "origin_access_control_id": "E1OAC12345"
              }
            ],
            "viewer_certificate": [
              {
                "acm_certificate_arn": "arn:aws:acm:us-east-1:210000000006:certificate/abc-123"
              }
            ]
          }
        }
      ]
    },
    {
      "mode": "managed",
      "type": "aws_route53_record",
      "name": "app",
      "provider": "provider[\"registry.terraform.io/hashicorp/aws\"]",
      "instances": [
        {
          "schema_version": 0,
          "attributes": {
            "id": "Z12345_app.acme.dev_A",
            "name": "app.acme.dev",
            "alias": [
              {
                "name": "d3abcxyz.cloudfront.net"
              }
            ]
          }
        }
      ]
    },
    {
      "mode": "managed",
      "type": "aws_s3_bucket_policy",
      "name": "site",
      "provider": "provider[\"registry.terraform.io/hashicorp/aws\"]",
      "instances": [
        {
          "schema_version": 0,
          "attributes": {
            "id": "acme-static-site",
            "bucket": "acme-static-site",
            "policy": "{\"Version\": \"2012-10-17\", \"Statement\": [{\"Effect\": \"Allow\", \"Action\": \"s3:GetObject\", \"Resource\": \"arn:aws:s3:::acme-static-site/*\", \"Principal\": {\"Service\": \"cloudfront.amazonaws.com\"}, \"Condition\": {\"StringEquals\": {\"AWS:SourceArn\": \"arn:aws:cloudfront::210000000006:distribution/EDFDVBD6EXAMPLE\"}}}]}"
          }
        }
      ]
    }
  ],
  "check_results": null
}