{
  "version": 4,
  "terraform_version": "1.8.5",
  "serial": 5,
  "lineage": "aaaa1111-bbbb-2222-cccc-3333dddd4444",
  "outputs": {},
  "resources": [
    {
      "mode": "managed",
      "type": "aws_vpc",
      "name": "main",
      "provider": "provider[\"registry.terraform.io/hashicorp/aws\"]",
      "instances": [
        {
          "schema_version": 0,
          "attributes": {
            "id": "vpc-0ff1ce",
            "arn": "arn:aws:ec2:us-east-1:210000000004:vpc/vpc-0ff1ce",
            "tags_all": {
              "Name": "lambda-vpc"
            }
          }
        }
      ]
    },
    {
      "mode": "managed",
      "type": "aws_subnet",
      "name": "private_a",
      "provider": "provider[\"registry.terraform.io/hashicorp/aws\"]",
      "instances": [
        {
          "schema_version": 0,
          "attributes": {
            "id": "subnet-priv-a",
            "vpc_id": "vpc-0ff1ce"
          }
        }
      ]
    },
    {
      "mode": "managed",
      "type": "aws_subnet",
      "name": "private_b",
      "provider": "provider[\"registry.terraform.io/hashicorp/aws\"]",
      "instances": [
        {
          "schema_version": 0,
          "attributes": {
            "id": "subnet-priv-b",
            "vpc_id": "vpc-0ff1ce"
          }
        }
      ]
    },
    {
      "mode": "managed",
      "type": "aws_security_group",
      "name": "lambda",
      "provider": "provider[\"registry.terraform.io/hashicorp/aws\"]",
      "instances": [
        {
          "schema_version": 0,
          "attributes": {
            "id": "sg-lambda",
            "vpc_id": "vpc-0ff1ce",
            "name": "lambda-sg"
          }
        }
      ]
    },
    {
      "mode": "managed",
      "type": "aws_iam_role",
      "name": "fn",
      "provider": "provider[\"registry.terraform.io/hashicorp/aws\"]",
      "instances": [
        {
          "schema_version": 0,
          "attributes": {
            "id": "fn-role",
            "arn": "arn:aws:iam::210000000004:role/fn-role",
            "name": "fn-role"
          }
        }
      ]
    },
    {
      "mode": "managed",
      "type": "aws_lambda_function",
      "name": "worker",
      "provider": "provider[\"registry.terraform.io/hashicorp/aws\"]",
      "instances": [
        {
          "schema_version": 0,
          "attributes": {
            "id": "worker-fn",
            "arn": "arn:aws:lambda:us-east-1:210000000004:function:worker-fn",
            "function_name": "worker-fn",
            "role": "arn:aws:iam::210000000004:role/fn-role",
            "vpc_config": [
              {
                "subnet_ids": [
                  "subnet-priv-a",
                  "subnet-priv-b"
                ],
                "security_group_ids": [
                  "sg-lambda"
                ]
              }
            ],
            "logging_config": [
              {
                "log_group": "/aws/lambda/worker-fn"
              }
            ]
          }
        }
      ]
    },
    {
      "mode": "managed",
      "type": "aws_cloudwatch_log_group",
      "name": "worker",
      "provider": "provider[\"registry.terraform.io/hashicorp/aws\"]",
      "instances": [
        {
          "schema_version": 0,
          "attributes": {
            "id": "/aws/lambda/worker-fn",
            "name": "/aws/lambda/worker-fn",
            "arn": "arn:aws:logs:us-east-1:210000000004:log-group:/aws/lambda/worker-fn"
          }
        }
      ]
    },
    {
      "mode": "managed",
      "type": "aws_sqs_queue",
      "name": "jobs",
      "provider": "provider[\"registry.terraform.io/hashicorp/aws\"]",
      "instances": [
        {
          "schema_version": 0,
          "attributes": {
            "id": "https://sqs.us-east-1.amazonaws.com/210000000004/jobs",
            "arn": "arn:aws:sqs:us-east-1:210000000004:jobs",
            "name": "jobs"
          }
        }
      ]
    },
    {
      "mode": "managed",
      "type": "aws_sns_topic",
      "name": "alerts",
      "provider": "provider[\"registry.terraform.io/hashicorp/aws\"]",
      "instances": [
        {
          "schema_version": 0,
          "attributes": {
            "id": "arn:aws:sns:us-east-1:210000000004:alerts",
            "arn": "arn:aws:sns:us-east-1:210000000004:alerts",
            "name": "alerts"
          }
        }
      ]
    },
    {
      "mode": "managed",
      "type": "aws_dynamodb_table",
      "name": "events",
      "provider": "provider[\"registry.terraform.io/hashicorp/aws\"]",
      "instances": [
        {
          "schema_version": 1,
          "attributes": {
            "id": "events",
            "arn": "arn:aws:dynamodb:us-east-1:210000000004:table/events",
            "name": "events"
          }
        }
      ]
    },
    {
      "mode": "managed",
      "type": "aws_iam_role_policy",
      "name": "fn_access",
      "provider": "provider[\"registry.terraform.io/hashicorp/aws\"]",
      "instances": [
        {
          "schema_version": 0,
          "attributes": {
            "id": "fn-role:fn-access",
            "role": "fn-role",
            "policy": "{\"Version\": \"2012-10-17\", \"Statement\": [{\"Effect\": \"Allow\", \"Action\": [\"sqs:SendMessage\"], \"Resource\": [\"arn:aws:sqs:us-east-1:210000000004:jobs\"]}, {\"Effect\": \"Allow\", \"Action\": [\"dynamodb:PutItem\", \"dynamodb:GetItem\"], \"Resource\": [\"arn:aws:dynamodb:us-east-1:210000000004:table/events\"]}, {\"Effect\": \"Allow\", \"Action\": [\"sns:Publish\"], \"Resource\": [\"arn:aws:sns:us-east-1:210000000004:alerts\"]}]}"
          }
        }
      ]
    }
  ],
  "check_results": null
}