{
  "version": 4,
  "terraform_version": "1.7.2",
  "serial": 1,
  "lineage": "security-open-sg",
  "outputs": {},
  "resources": [
    {
      "mode": "managed",
      "type": "aws_security_group",
      "name": "ssh",
      "provider": "provider[\"registry.terraform.io/hashicorp/aws\"]",
      "instances": [
        {
          "schema_version": 0,
          "attributes": {
            "id": "sg-open-ssh",
            "name": "open-ssh",
            "vpc_id": "vpc-123456",
            "ingress": [
              {
                "from_port": 22,
                "to_port": 22,
                "protocol": "tcp",
                "cidr_blocks": ["0.0.0.0/0"]
              }
            ],
            "egress": [],
            "tags": {}
          },
          "sensitive_attributes": []
        }
      ]
    }
  ]
}
