{
  "version": 4,
  "terraform_version": "1.7.2",
  "serial": 42,
  "lineage": "a1b2c3d4-e5f6-7890-abcd-ef1234567890",
  "outputs": {
    "api_url": {
      "value": "https://abc123def4.execute-api.us-east-1.amazonaws.com/prod",
      "type": "string"
    }
  },
  "resources": [
    {
      "mode": "managed",
      "type": "aws_api_gateway_rest_api",
      "name": "main",
      "provider": "provider[\"registry.terraform.io/hashicorp/aws\"]",
      "instances": [
        {
          "schema_version": 0,
          "attributes": {
            "arn": "arn:aws:apigateway:us-east-1::/restapis/abc123def4",
            "body": null,
            "created_date": "2024-01-15T10:30:00Z",
            "description": "Stackmap Demo REST API",
            "endpoint_configuration": [
              {
                "types": ["REGIONAL"],
                "vpc_endpoint_ids": []
              }
            ],
            "execution_arn": "arn:aws:execute-api:us-east-1:123456789012:abc123def4",
            "id": "abc123def4",
            "name": "stackmap-demo-api",
            "root_resource_id": "r0root1abc",
            "tags": {
              "Environment": "production",
              "Project": "stackmap-demo"
            },
            "tags_all": {
              "Environment": "production",
              "Project": "stackmap-demo"
            }
          },
          "sensitive_attributes": [],
          "private": "bnVsbA=="
        }
      ]
    },
    {
      "mode": "managed",
      "type": "aws_api_gateway_deployment",
      "name": "main",
      "provider": "provider[\"registry.terraform.io/hashicorp/aws\"]",
      "instances": [
        {
          "schema_version": 0,
          "attributes": {
            "created_date": "2024-01-15T10:35:00Z",
            "description": "",
            "execution_arn": "arn:aws:execute-api:us-east-1:123456789012:abc123def4/prod",
            "id": "dep1xy",
            "invoke_url": "https://abc123def4.execute-api.us-east-1.amazonaws.com/prod",
            "rest_api_id": "abc123def4",
            "stage_description": null,
            "stage_name": "",
            "triggers": {
              "redeployment": "a3f9b2c1d4e5"
            },
            "variables": null
          },
          "sensitive_attributes": [],
          "private": "bnVsbA==",
          "dependencies": [
            "aws_api_gateway_rest_api.main",
            "aws_lambda_function.api_handler",
            "aws_lambda_function.data_processor"
          ]
        }
      ]
    },
    {
      "mode": "managed",
      "type": "aws_api_gateway_stage",
      "name": "prod",
      "provider": "provider[\"registry.terraform.io/hashicorp/aws\"]",
      "instances": [
        {
          "schema_version": 0,
          "attributes": {
            "access_log_settings": [],
            "arn": "arn:aws:apigateway:us-east-1::/restapis/abc123def4/stages/prod",
            "cache_cluster_enabled": false,
            "cache_cluster_size": "",
            "canary_settings": [],
            "client_certificate_id": "",
            "deployment_id": "dep1xy",
            "description": "Production stage",
            "execution_arn": "arn:aws:execute-api:us-east-1:123456789012:abc123def4/prod",
            "id": "ags-abc123def4-prod",
            "invoke_url": "https://abc123def4.execute-api.us-east-1.amazonaws.com/prod",
            "rest_api_id": "abc123def4",
            "stage_name": "prod",
            "tags": {
              "Environment": "production",
              "Project": "stackmap-demo"
            },
            "tags_all": {
              "Environment": "production",
              "Project": "stackmap-demo"
            },
            "variables": {},
            "xray_tracing_enabled": false
          },
          "sensitive_attributes": [],
          "private": "bnVsbA==",
          "dependencies": [
            "aws_api_gateway_deployment.main",
            "aws_api_gateway_rest_api.main"
          ]
        }
      ]
    },
    {
      "mode": "managed",
      "type": "aws_iam_role",
      "name": "api_handler",
      "provider": "provider[\"registry.terraform.io/hashicorp/aws\"]",
      "instances": [
        {
          "schema_version": 0,
          "attributes": {
            "arn": "arn:aws:iam::123456789012:role/api-handler-role",
            "assume_role_policy": "{\"Version\":\"2012-10-17\",\"Statement\":[{\"Effect\":\"Allow\",\"Principal\":{\"Service\":\"lambda.amazonaws.com\"},\"Action\":\"sts:AssumeRole\"}]}",
            "create_date": "2024-01-15T10:20:00Z",
            "description": "IAM role for api-handler Lambda function",
            "force_detach_policies": false,
            "id": "api-handler-role",
            "inline_policy": [
              {
                "name": "api-handler-policy",
                "policy": "{\"Version\":\"2012-10-17\",\"Statement\":[{\"Effect\":\"Allow\",\"Action\":[\"dynamodb:GetItem\",\"dynamodb:PutItem\",\"dynamodb:UpdateItem\",\"dynamodb:DeleteItem\",\"dynamodb:Query\",\"dynamodb:Scan\"],\"Resource\":\"arn:aws:dynamodb:us-east-1:123456789012:table/users-table\"},{\"Effect\":\"Allow\",\"Action\":[\"s3:GetObject\",\"s3:PutObject\",\"s3:ListBucket\"],\"Resource\":[\"arn:aws:s3:::stackmap-demo-assets\",\"arn:aws:s3:::stackmap-demo-assets/*\"]},{\"Effect\":\"Allow\",\"Action\":[\"logs:CreateLogGroup\",\"logs:CreateLogStream\",\"logs:PutLogEvents\"],\"Resource\":\"arn:aws:logs:us-east-1:123456789012:log-group:/aws/lambda/api-handler:*\"}]}"
              }
            ],
            "managed_policy_arns": [
              "arn:aws:iam::aws:policy/service-role/AWSLambdaBasicExecutionRole"
            ],
            "max_session_duration": 3600,
            "name": "api-handler-role",
            "name_prefix": "",
            "path": "/",
            "permissions_boundary": "",
            "tags": {
              "Environment": "production",
              "Project": "stackmap-demo"
            },
            "tags_all": {
              "Environment": "production",
              "Project": "stackmap-demo"
            },
            "unique_id": "AROAEXAMPLE001HANDLER"
          },
          "sensitive_attributes": [],
          "private": "bnVsbA=="
        }
      ]
    },
    {
      "mode": "managed",
      "type": "aws_iam_role",
      "name": "data_processor",
      "provider": "provider[\"registry.terraform.io/hashicorp/aws\"]",
      "instances": [
        {
          "schema_version": 0,
          "attributes": {
            "arn": "arn:aws:iam::123456789012:role/data-processor-role",
            "assume_role_policy": "{\"Version\":\"2012-10-17\",\"Statement\":[{\"Effect\":\"Allow\",\"Principal\":{\"Service\":\"lambda.amazonaws.com\"},\"Action\":\"sts:AssumeRole\"}]}",
            "create_date": "2024-01-15T10:20:00Z",
            "description": "IAM role for data-processor Lambda function",
            "force_detach_policies": false,
            "id": "data-processor-role",
            "inline_policy": [
              {
                "name": "data-processor-policy",
                "policy": "{\"Version\":\"2012-10-17\",\"Statement\":[{\"Effect\":\"Allow\",\"Action\":[\"dynamodb:GetItem\",\"dynamodb:PutItem\",\"dynamodb:UpdateItem\",\"dynamodb:BatchWriteItem\",\"dynamodb:Query\",\"dynamodb:Scan\"],\"Resource\":\"arn:aws:dynamodb:us-east-1:123456789012:table/users-table\"},{\"Effect\":\"Allow\",\"Action\":[\"s3:GetObject\",\"s3:PutObject\",\"s3:DeleteObject\",\"s3:ListBucket\"],\"Resource\":[\"arn:aws:s3:::stackmap-demo-assets\",\"arn:aws:s3:::stackmap-demo-assets/*\"]},{\"Effect\":\"Allow\",\"Action\":[\"logs:CreateLogGroup\",\"logs:CreateLogStream\",\"logs:PutLogEvents\"],\"Resource\":\"arn:aws:logs:us-east-1:123456789012:log-group:/aws/lambda/data-processor:*\"}]}"
              }
            ],
            "managed_policy_arns": [
              "arn:aws:iam::aws:policy/service-role/AWSLambdaBasicExecutionRole"
            ],
            "max_session_duration": 3600,
            "name": "data-processor-role",
            "name_prefix": "",
            "path": "/",
            "permissions_boundary": "",
            "tags": {
              "Environment": "production",
              "Project": "stackmap-demo"
            },
            "tags_all": {
              "Environment": "production",
              "Project": "stackmap-demo"
            },
            "unique_id": "AROAEXAMPLE002PROCESS"
          },
          "sensitive_attributes": [],
          "private": "bnVsbA=="
        }
      ]
    },
    {
      "mode": "managed",
      "type": "aws_iam_role_policy_attachment",
      "name": "api_handler_basic_execution",
      "provider": "provider[\"registry.terraform.io/hashicorp/aws\"]",
      "instances": [
        {
          "schema_version": 0,
          "attributes": {
            "id": "api-handler-role-20240115103000000000000001",
            "policy_arn": "arn:aws:iam::aws:policy/service-role/AWSLambdaBasicExecutionRole",
            "role": "api-handler-role"
          },
          "sensitive_attributes": [],
          "private": "bnVsbA==",
          "dependencies": [
            "aws_iam_role.api_handler"
          ]
        }
      ]
    },
    {
      "mode": "managed",
      "type": "aws_iam_role_policy_attachment",
      "name": "data_processor_basic_execution",
      "provider": "provider[\"registry.terraform.io/hashicorp/aws\"]",
      "instances": [
        {
          "schema_version": 0,
          "attributes": {
            "id": "data-processor-role-20240115103000000000000002",
            "policy_arn": "arn:aws:iam::aws:policy/service-role/AWSLambdaBasicExecutionRole",
            "role": "data-processor-role"
          },
          "sensitive_attributes": [],
          "private": "bnVsbA==",
          "dependencies": [
            "aws_iam_role.data_processor"
          ]
        }
      ]
    },
    {
      "mode": "managed",
      "type": "aws_lambda_function",
      "name": "api_handler",
      "provider": "provider[\"registry.terraform.io/hashicorp/aws\"]",
      "instances": [
        {
          "schema_version": 0,
          "attributes": {
            "architectures": ["x86_64"],
            "arn": "arn:aws:lambda:us-east-1:123456789012:function:api-handler",
            "code_signing_config_arn": "",
            "dead_letter_config": [],
            "description": "Handles incoming API Gateway requests",
            "environment": [
              {
                "variables": {
                  "DYNAMODB_TABLE": "users-table",
                  "S3_BUCKET": "stackmap-demo-assets",
                  "LOG_LEVEL": "INFO"
                }
              }
            ],
            "ephemeral_storage": [
              {
                "size": 512
              }
            ],
            "filename": null,
            "function_name": "api-handler",
            "handler": "index.handler",
            "id": "api-handler",
            "invoke_arn": "arn:aws:apigateway:us-east-1:lambda:path/2015-03-31/functions/arn:aws:lambda:us-east-1:123456789012:function:api-handler/invocations",
            "last_modified": "2024-01-15T10:32:00.000+0000",
            "layers": [],
            "logging_config": [
              {
                "application_log_level": "",
                "log_format": "Text",
                "log_group": "/aws/lambda/api-handler",
                "system_log_level": ""
              }
            ],
            "memory_size": 256,
            "package_type": "Zip",
            "publish": false,
            "qualified_arn": "arn:aws:lambda:us-east-1:123456789012:function:api-handler:$LATEST",
            "qualified_invoke_arn": "arn:aws:apigateway:us-east-1:lambda:path/2015-03-31/functions/arn:aws:lambda:us-east-1:123456789012:function:api-handler:$LATEST/invocations",
            "reserved_concurrent_executions": -1,
            "role": "arn:aws:iam::123456789012:role/api-handler-role",
            "runtime": "python3.12",
            "s3_bucket": null,
            "s3_key": null,
            "s3_object_version": null,
            "skip_destroy": false,
            "source_code_hash": "dGVzdGhhc2gxMjM0NTY3ODkwYWJjZGVm",
            "source_code_size": 4096,
            "tags": {
              "Environment": "production",
              "Project": "stackmap-demo"
            },
            "tags_all": {
              "Environment": "production",
              "Project": "stackmap-demo"
            },
            "timeout": 30,
            "tracing_config": [
              {
                "mode": "PassThrough"
              }
            ],
            "version": "$LATEST",
            "vpc_config": []
          },
          "sensitive_attributes": [],
          "private": "bnVsbA==",
          "dependencies": [
            "aws_iam_role.api_handler",
            "aws_cloudwatch_log_group.api_handler"
          ]
        }
      ]
    },
    {
      "mode": "managed",
      "type": "aws_lambda_function",
      "name": "data_processor",
      "provider": "provider[\"registry.terraform.io/hashicorp/aws\"]",
      "instances": [
        {
          "schema_version": 0,
          "attributes": {
            "architectures": ["x86_64"],
            "arn": "arn:aws:lambda:us-east-1:123456789012:function:data-processor",
            "code_signing_config_arn": "",
            "dead_letter_config": [],
            "description": "Processes data from DynamoDB and S3",
            "environment": [
              {
                "variables": {
                  "DYNAMODB_TABLE": "users-table",
                  "S3_BUCKET": "stackmap-demo-assets",
                  "BATCH_SIZE": "25",
                  "LOG_LEVEL": "INFO"
                }
              }
            ],
            "ephemeral_storage": [
              {
                "size": 512
              }
            ],
            "filename": null,
            "function_name": "data-processor",
            "handler": "processor.handle",
            "id": "data-processor",
            "invoke_arn": "arn:aws:apigateway:us-east-1:lambda:path/2015-03-31/functions/arn:aws:lambda:us-east-1:123456789012:function:data-processor/invocations",
            "last_modified": "2024-01-15T10:33:00.000+0000",
            "layers": [],
            "logging_config": [
              {
                "application_log_level": "",
                "log_format": "Text",
                "log_group": "/aws/lambda/data-processor",
                "system_log_level": ""
              }
            ],
            "memory_size": 512,
            "package_type": "Zip",
            "publish": false,
            "qualified_arn": "arn:aws:lambda:us-east-1:123456789012:function:data-processor:$LATEST",
            "qualified_invoke_arn": "arn:aws:apigateway:us-east-1:lambda:path/2015-03-31/functions/arn:aws:lambda:us-east-1:123456789012:function:data-processor:$LATEST/invocations",
            "reserved_concurrent_executions": -1,
            "role": "arn:aws:iam::123456789012:role/data-processor-role",
            "runtime": "python3.12",
            "s3_bucket": null,
            "s3_key": null,
            "s3_object_version": null,
            "skip_destroy": false,
            "source_code_hash": "cHJvY2Vzc29yaGFzaDEyMzQ1Njc4OQ==",
            "source_code_size": 8192,
            "tags": {
              "Environment": "production",
              "Project": "stackmap-demo"
            },
            "tags_all": {
              "Environment": "production",
              "Project": "stackmap-demo"
            },
            "timeout": 60,
            "tracing_config": [
              {
                "mode": "PassThrough"
              }
            ],
            "version": "$LATEST",
            "vpc_config": []
          },
          "sensitive_attributes": [],
          "private": "bnVsbA==",
          "dependencies": [
            "aws_iam_role.data_processor",
            "aws_cloudwatch_log_group.data_processor"
          ]
        }
      ]
    },
    {
      "mode": "managed",
      "type": "aws_lambda_permission",
      "name": "api_handler_apigw",
      "provider": "provider[\"registry.terraform.io/hashicorp/aws\"]",
      "instances": [
        {
          "schema_version": 0,
          "attributes": {
            "action": "lambda:InvokeFunction",
            "event_source_token": null,
            "function_name": "api-handler",
            "function_url_auth_type": null,
            "id": "AllowAPIGatewayInvoke-api-handler",
            "principal": "apigateway.amazonaws.com",
            "principal_org_id": null,
            "qualifier": "",
            "source_account": null,
            "source_arn": "arn:aws:execute-api:us-east-1:123456789012:abc123def4/*/GET/*",
            "statement_id": "AllowAPIGatewayInvoke-api-handler",
            "statement_id_prefix": ""
          },
          "sensitive_attributes": [],
          "private": "bnVsbA==",
          "dependencies": [
            "aws_api_gateway_rest_api.main",
            "aws_lambda_function.api_handler"
          ]
        }
      ]
    },
    {
      "mode": "managed",
      "type": "aws_lambda_permission",
      "name": "data_processor_apigw",
      "provider": "provider[\"registry.terraform.io/hashicorp/aws\"]",
      "instances": [
        {
          "schema_version": 0,
          "attributes": {
            "action": "lambda:InvokeFunction",
            "event_source_token": null,
            "function_name": "data-processor",
            "function_url_auth_type": null,
            "id": "AllowAPIGatewayInvoke-data-processor",
            "principal": "apigateway.amazonaws.com",
            "principal_org_id": null,
            "qualifier": "",
            "source_account": null,
            "source_arn": "arn:aws:execute-api:us-east-1:123456789012:abc123def4/*/POST/*",
            "statement_id": "AllowAPIGatewayInvoke-data-processor",
            "statement_id_prefix": ""
          },
          "sensitive_attributes": [],
          "private": "bnVsbA==",
          "dependencies": [
            "aws_api_gateway_rest_api.main",
            "aws_lambda_function.data_processor"
          ]
        }
      ]
    },
    {
      "mode": "managed",
      "type": "aws_cloudwatch_log_group",
      "name": "api_handler",
      "provider": "provider[\"registry.terraform.io/hashicorp/aws\"]",
      "instances": [
        {
          "schema_version": 0,
          "attributes": {
            "arn": "arn:aws:logs:us-east-1:123456789012:log-group:/aws/lambda/api-handler",
            "id": "/aws/lambda/api-handler",
            "kms_key_id": "",
            "log_group_class": "STANDARD",
            "name": "/aws/lambda/api-handler",
            "name_prefix": "",
            "retention_in_days": 14,
            "skip_destroy": false,
            "tags": {
              "Environment": "production",
              "Project": "stackmap-demo"
            },
            "tags_all": {
              "Environment": "production",
              "Project": "stackmap-demo"
            }
          },
          "sensitive_attributes": [],
          "private": "bnVsbA=="
        }
      ]
    },
    {
      "mode": "managed",
      "type": "aws_cloudwatch_log_group",
      "name": "data_processor",
      "provider": "provider[\"registry.terraform.io/hashicorp/aws\"]",
      "instances": [
        {
          "schema_version": 0,
          "attributes": {
            "arn": "arn:aws:logs:us-east-1:123456789012:log-group:/aws/lambda/data-processor",
            "id": "/aws/lambda/data-processor",
            "kms_key_id": "",
            "log_group_class": "STANDARD",
            "name": "/aws/lambda/data-processor",
            "name_prefix": "",
            "retention_in_days": 14,
            "skip_destroy": false,
            "tags": {
              "Environment": "production",
              "Project": "stackmap-demo"
            },
            "tags_all": {
              "Environment": "production",
              "Project": "stackmap-demo"
            }
          },
          "sensitive_attributes": [],
          "private": "bnVsbA=="
        }
      ]
    },
    {
      "mode": "managed",
      "type": "aws_dynamodb_table",
      "name": "users",
      "provider": "provider[\"registry.terraform.io/hashicorp/aws\"]",
      "instances": [
        {
          "schema_version": 1,
          "attributes": {
            "arn": "arn:aws:dynamodb:us-east-1:123456789012:table/users-table",
            "attribute": [
              {
                "name": "userId",
                "type": "S"
              },
              {
                "name": "email",
                "type": "S"
              }
            ],
            "billing_mode": "PAY_PER_REQUEST",
            "deletion_protection_enabled": false,
            "global_secondary_index": [
              {
                "hash_key": "email",
                "name": "email-index",
                "non_key_attributes": [],
                "projection_type": "ALL",
                "range_key": "",
                "read_capacity": 0,
                "write_capacity": 0
              }
            ],
            "hash_key": "userId",
            "id": "users-table",
            "local_secondary_index": [],
            "name": "users-table",
            "point_in_time_recovery": [
              {
                "enabled": false
              }
            ],
            "range_key": null,
            "read_capacity": 0,
            "replica": [],
            "restore_date_time": null,
            "restore_source_name": null,
            "restore_to_latest_time": null,
            "server_side_encryption": [],
            "stream_enabled": false,
            "stream_arn": "",
            "stream_label": "",
            "stream_view_type": "",
            "table_class": "STANDARD",
            "tags": {
              "Environment": "production",
              "Project": "stackmap-demo"
            },
            "tags_all": {
              "Environment": "production",
              "Project": "stackmap-demo"
            },
            "ttl": [
              {
                "attribute_name": "",
                "enabled": false
              }
            ],
            "write_capacity": 0
          },
          "sensitive_attributes": [],
          "private": "eyJlMmJmYjczMC1lY2FhLTExZTYtOGY4OC0zNDM2M2JjN2M0YzAiOnsiY3JlYXRlIjoxODAwMDAwMDAwMDAwLCJkZWxldGUiOjYwMDAwMDAwMDAwMCwidXBkYXRlIjozNjAwMDAwMDAwMDAwfSwic2NoZW1hX3ZlcnNpb24iOiIxIn0="
        }
      ]
    },
    {
      "mode": "managed",
      "type": "aws_s3_bucket",
      "name": "assets",
      "provider": "provider[\"registry.terraform.io/hashicorp/aws\"]",
      "instances": [
        {
          "schema_version": 0,
          "attributes": {
            "acceleration_status": "",
            "acl": null,
            "arn": "arn:aws:s3:::stackmap-demo-assets",
            "bucket": "stackmap-demo-assets",
            "bucket_domain_name": "stackmap-demo-assets.s3.amazonaws.com",
            "bucket_prefix": "",
            "bucket_regional_domain_name": "stackmap-demo-assets.s3.us-east-1.amazonaws.com",
            "cors_rule": [],
            "force_destroy": false,
            "grant": [
              {
                "id": "a1b2c3d4e5f6a1b2c3d4e5f6a1b2c3d4e5f6a1b2c3d4e5f6a1b2c3d4e5f6a1b2",
                "permissions": ["FULL_CONTROL"],
                "type": "CanonicalUser",
                "uri": ""
              }
            ],
            "hosted_zone_id": "Z3AQBSTGFYJSTF",
            "id": "stackmap-demo-assets",
            "lifecycle_rule": [],
            "logging": [],
            "object_lock_configuration": [],
            "object_lock_enabled": false,
            "policy": "",
            "region": "us-east-1",
            "replication_configuration": [],
            "request_payer": "BucketOwner",
            "server_side_encryption_configuration": [
              {
                "rule": [
                  {
                    "apply_server_side_encryption_by_default": [
                      {
                        "kms_master_key_id": "",
                        "sse_algorithm": "AES256"
                      }
                    ],
                    "bucket_key_enabled": false
                  }
                ]
              }
            ],
            "tags": {
              "Environment": "production",
              "Project": "stackmap-demo"
            },
            "tags_all": {
              "Environment": "production",
              "Project": "stackmap-demo"
            },
            "versioning": [
              {
                "enabled": false,
                "mfa_delete": false
              }
            ],
            "website": []
          },
          "sensitive_attributes": [],
          "private": "bnVsbA=="
        }
      ]
    }
  ],
  "check_results": null
}
